
Microsoft Visual Studio Solution File, Format Version 11.00
# Visual Studio 2010
Project("{FAE04EC0-301F-11D3-BF4B-00C04F79EFBC}") = "Assembly-CSharp", "Assembly-CSharp.csproj", "{561a3a15-c6fc-25bd-0231-5722bb7c2b40}"
EndProject
Project("{FAE04EC0-301F-11D3-BF4B-00C04F79EFBC}") = "Assembly-CSharp-firstpass", "Assembly-CSharp-firstpass.csproj", "{49c04b73-6548-1334-787e-e59c6a8dd674}"
EndProject
Project("{FAE04EC0-301F-11D3-BF4B-00C04F79EFBC}") = "Assembly-CSharp-Editor-firstpass", "Assembly-CSharp-Editor-firstpass.csproj", "{85c6946f-2355-b464-bce2-28ac63df05ab}"
EndProject
Global
	GlobalSection(SolutionConfigurationPlatforms) = preSolution
		Debug|Any CPU = Debug|Any CPU
	EndGlobalSection
	GlobalSection(ProjectConfigurationPlatforms) = postSolution
		{561a3a15-c6fc-25bd-0231-5722bb7c2b40}.Debug|Any CPU.ActiveCfg = Debug|Any CPU
		{561a3a15-c6fc-25bd-0231-5722bb7c2b40}.Debug|Any CPU.Build.0 = Debug|Any CPU
		{49c04b73-6548-1334-787e-e59c6a8dd674}.Debug|Any CPU.ActiveCfg = Debug|Any CPU
		{49c04b73-6548-1334-787e-e59c6a8dd674}.Debug|Any CPU.Build.0 = Debug|Any CPU
		{85c6946f-2355-b464-bce2-28ac63df05ab}.Debug|Any CPU.ActiveCfg = Debug|Any CPU
		{85c6946f-2355-b464-bce2-28ac63df05ab}.Debug|Any CPU.Build.0 = Debug|Any CPU
	EndGlobalSection
	GlobalSection(SolutionProperties) = preSolution
		HideSolutionNode = FALSE
	EndGlobalSection
EndGlobal
